
Microsoft Visual Studio Solution File, Format Version 12.00
# Visual Studio Version 17
VisualStudioVersion = 17.5.33103.201
MinimumVisualStudioVersion = 10.0.40219.1
Project("{9A19103F-16F7-4668-BE54-9A1E7A4F7556}") = "Corelibs.MongoDB", "Corelibs.MongoDB\Corelibs.MongoDB.csproj", "{311EB629-C2C9-46EA-A800-8AF7D231BCB9}"
EndProject
Project("{9A19103F-16F7-4668-BE54-9A1E7A4F7556}") = "Corelibs.Basic", "..\Corelibs.Basic\Corelibs.Basic\Corelibs.Basic\Corelibs.Basic.csproj", "{B115B7B5-DDCA-4C23-B27A-B3F1DE4A7465}"
EndProject
Global
	GlobalSection(SolutionConfigurationPlatforms) = preSolution
		Debug|Any CPU = Debug|Any CPU
		Debug|x64 = Debug|x64
		Release|Any CPU = Release|Any CPU
		Release|x64 = Release|x64
	EndGlobalSection
	GlobalSection(ProjectConfigurationPlatforms) = postSolution
		{311EB629-C2C9-46EA-A800-8AF7D231BCB9}.Debug|Any CPU.ActiveCfg = Debug|Any CPU
		{311EB629-C2C9-46EA-A800-8AF7D231BCB9}.Debug|Any CPU.Build.0 = Debug|Any CPU
		{311EB629-C2C9-46EA-A800-8AF7D231BCB9}.Debug|x64.ActiveCfg = Debug|Any CPU
		{311EB629-C2C9-46EA-A800-8AF7D231BCB9}.Debug|x64.Build.0 = Debug|Any CPU
		{311EB629-C2C9-46EA-A800-8AF7D231BCB9}.Release|Any CPU.ActiveCfg = Release|Any CPU
		{311EB629-C2C9-46EA-A800-8AF7D231BCB9}.Release|Any CPU.Build.0 = Release|Any CPU
		{311EB629-C2C9-46EA-A800-8AF7D231BCB9}.Release|x64.ActiveCfg = Release|Any CPU
		{311EB629-C2C9-46EA-A800-8AF7D231BCB9}.Release|x64.Build.0 = Release|Any CPU
		{B115B7B5-DDCA-4C23-B27A-B3F1DE4A7465}.Debug|Any CPU.ActiveCfg = Debug|Any CPU
		{B115B7B5-DDCA-4C23-B27A-B3F1DE4A7465}.Debug|Any CPU.Build.0 = Debug|Any CPU
		{B115B7B5-DDCA-4C23-B27A-B3F1DE4A7465}.Debug|x64.ActiveCfg = Debug|x64
		{B115B7B5-DDCA-4C23-B27A-B3F1DE4A7465}.Debug|x64.Build.0 = Debug|x64
		{B115B7B5-DDCA-4C23-B27A-B3F1DE4A7465}.Release|Any CPU.ActiveCfg = Release|Any CPU
		{B115B7B5-DDCA-4C23-B27A-B3F1DE4A7465}.Release|Any CPU.Build.0 = Release|Any CPU
		{B115B7B5-DDCA-4C23-B27A-B3F1DE4A7465}.Release|x64.ActiveCfg = Release|x64
		{B115B7B5-DDCA-4C23-B27A-B3F1DE4A7465}.Release|x64.Build.0 = Release|x64
	EndGlobalSection
	GlobalSection(SolutionProperties) = preSolution
		HideSolutionNode = FALSE
	EndGlobalSection
	GlobalSection(ExtensibilityGlobals) = postSolution
		SolutionGuid = {8EAEE167-440F-4B26-968A-832BAD1DB7D0}
	EndGlobalSection
EndGlobal
